// !$*UTF8*$!
{
	archiveVersion = 1;
	classes = {
	};
	objectVersion = 46;
	objects = {

/* Begin PBXBuildFile section */
		0B138E2F1C1973160079867B /* DetailVC.swift in Sources */ = {isa = PBXBuildFile; fileRef = 0B138E2E1C1973160079867B /* DetailVC.swift */; };
		0B138E331C1973570079867B /* ContributorCell.swift in Sources */ = {isa = PBXBuildFile; fileRef = 0B138E321C1973570079867B /* ContributorCell.swift */; };
		0BBA61DC1C19B623003D12F6 /* InfoPlist.strings in Resources */ = {isa = PBXBuildFile; fileRef = 0BBA61D81C19B623003D12F6 /* InfoPlist.strings */; };
		0BBA61DD1C19B623003D12F6 /* Localizable.strings in Resources */ = {isa = PBXBuildFile; fileRef = 0BBA61DA1C19B623003D12F6 /* Localizable.strings */; };
		0BBA61E81C19C2A1003D12F6 /* ContributorAPI.swift in Sources */ = {isa = PBXBuildFile; fileRef = 0BBA61E01C19C2A1003D12F6 /* ContributorAPI.swift */; };
		0BBA61E91C19C2A1003D12F6 /* JTDataEnums.swift in Sources */ = {isa = PBXBuildFile; fileRef = 0BBA61E31C19C2A1003D12F6 /* JTDataEnums.swift */; };
		0BBA61EA1C19C2A1003D12F6 /* JTDataObject.swift in Sources */ = {isa = PBXBuildFile; fileRef = 0BBA61E41C19C2A1003D12F6 /* JTDataObject.swift */; };
		0BBA61EB1C19C2A1003D12F6 /* JTDataStructs.swift in Sources */ = {isa = PBXBuildFile; fileRef = 0BBA61E51C19C2A1003D12F6 /* JTDataStructs.swift */; };
		0BBA61EC1C19C2A1003D12F6 /* JTExtensions.swift in Sources */ = {isa = PBXBuildFile; fileRef = 0BBA61E61C19C2A1003D12F6 /* JTExtensions.swift */; };
		0BBA61ED1C19C2A1003D12F6 /* Contributor.swift in Sources */ = {isa = PBXBuildFile; fileRef = 0BBA61E71C19C2A1003D12F6 /* Contributor.swift */; };
		0BF9E6541BF234F80055C0D8 /* ContributorsVC.swift in Sources */ = {isa = PBXBuildFile; fileRef = 0BF9E6461BF234F80055C0D8 /* ContributorsVC.swift */; };
		0BF9E6551BF234F80055C0D8 /* AppDelegate.swift in Sources */ = {isa = PBXBuildFile; fileRef = 0BF9E6481BF234F80055C0D8 /* AppDelegate.swift */; };
		0BF9E6571BF234F80055C0D8 /* Assets.xcassets in Resources */ = {isa = PBXBuildFile; fileRef = 0BF9E64C1BF234F80055C0D8 /* Assets.xcassets */; };
		0BF9E65D1BF2356A0055C0D8 /* LaunchScreen.storyboard in Resources */ = {isa = PBXBuildFile; fileRef = 0BF9E65B1BF2356A0055C0D8 /* LaunchScreen.storyboard */; };
		0BF9E65E1BF2356A0055C0D8 /* Main.storyboard in Resources */ = {isa = PBXBuildFile; fileRef = 0BF9E65C1BF2356A0055C0D8 /* Main.storyboard */; };
		0BF9E6781BF237300055C0D8 /* Localizations.swift in Sources */ = {isa = PBXBuildFile; fileRef = 0BF9E6771BF237300055C0D8 /* Localizations.swift */; };
		CB5391DF151B7C3DA457BF51 /* Pods.framework in Frameworks */ = {isa = PBXBuildFile; fileRef = 07D399D40D89F38AEDB64A47 /* Pods.framework */; };
/* End PBXBuildFile section */

/* Begin PBXFileReference section */
		0526DD9D1DB46A2BD6F13550 /* Pods.debug.xcconfig */ = {isa = PBXFileReference; includeInIndex = 1; lastKnownFileType = text.xcconfig; name = Pods.debug.xcconfig; path = "Pods/Target Support Files/Pods/Pods.debug.xcconfig"; sourceTree = "<group>"; };
		07D399D40D89F38AEDB64A47 /* Pods.framework */ = {isa = PBXFileReference; explicitFileType = wrapper.framework; includeInIndex = 0; path = Pods.framework; sourceTree = BUILT_PRODUCTS_DIR; };
		0B138E2E1C1973160079867B /* DetailVC.swift */ = {isa = PBXFileReference; fileEncoding = 4; lastKnownFileType = sourcecode.swift; path = DetailVC.swift; sourceTree = "<group>"; };
		0B138E321C1973570079867B /* ContributorCell.swift */ = {isa = PBXFileReference; fileEncoding = 4; lastKnownFileType = sourcecode.swift; path = ContributorCell.swift; sourceTree = "<group>"; };
		0BBA61D91C19B623003D12F6 /* en */ = {isa = PBXFileReference; lastKnownFileType = text.plist.strings; name = en; path = en.lproj/InfoPlist.strings; sourceTree = "<group>"; };
		0BBA61DB1C19B623003D12F6 /* en */ = {isa = PBXFileReference; lastKnownFileType = text.plist.strings; name = en; path = en.lproj/Localizable.strings; sourceTree = "<group>"; };
		0BBA61E01C19C2A1003D12F6 /* ContributorAPI.swift */ = {isa = PBXFileReference; fileEncoding = 4; lastKnownFileType = sourcecode.swift; path = ContributorAPI.swift; sourceTree = "<group>"; };
		0BBA61E31C19C2A1003D12F6 /* JTDataEnums.swift */ = {isa = PBXFileReference; fileEncoding = 4; lastKnownFileType = sourcecode.swift; path = JTDataEnums.swift; sourceTree = "<group>"; };
		0BBA61E41C19C2A1003D12F6 /* JTDataObject.swift */ = {isa = PBXFileReference; fileEncoding = 4; lastKnownFileType = sourcecode.swift; path = JTDataObject.swift; sourceTree = "<group>"; };
		0BBA61E51C19C2A1003D12F6 /* JTDataStructs.swift */ = {isa = PBXFileReference; fileEncoding = 4; lastKnownFileType = sourcecode.swift; path = JTDataStructs.swift; sourceTree = "<group>"; };
		0BBA61E61C19C2A1003D12F6 /* JTExtensions.swift */ = {isa = PBXFileReference; fileEncoding = 4; lastKnownFileType = sourcecode.swift; path = JTExtensions.swift; sourceTree = "<group>"; };
		0BBA61E71C19C2A1003D12F6 /* Contributor.swift */ = {isa = PBXFileReference; fileEncoding = 4; lastKnownFileType = sourcecode.swift; path = Contributor.swift; sourceTree = "<group>"; };
		0BF9E6281BF2333D0055C0D8 /* Laurine.app */ = {isa = PBXFileReference; explicitFileType = wrapper.application; includeInIndex = 0; path = Laurine.app; sourceTree = BUILT_PRODUCTS_DIR; };
		0BF9E6461BF234F80055C0D8 /* ContributorsVC.swift */ = {isa = PBXFileReference; fileEncoding = 4; lastKnownFileType = sourcecode.swift; path = ContributorsVC.swift; sourceTree = "<group>"; };
		0BF9E6481BF234F80055C0D8 /* AppDelegate.swift */ = {isa = PBXFileReference; fileEncoding = 4; lastKnownFileType = sourcecode.swift; path = AppDelegate.swift; sourceTree = "<group>"; };
		0BF9E64C1BF234F80055C0D8 /* Assets.xcassets */ = {isa = PBXFileReference; lastKnownFileType = folder.assetcatalog; path = Assets.xcassets; sourceTree = "<group>"; };
		0BF9E64D1BF234F80055C0D8 /* Info.plist */ = {isa = PBXFileReference; fileEncoding = 4; lastKnownFileType = text.plist.xml; path = Info.plist; sourceTree = "<group>"; };
		0BF9E65B1BF2356A0055C0D8 /* LaunchScreen.storyboard */ = {isa = PBXFileReference; fileEncoding = 4; lastKnownFileType = file.storyboard; path = LaunchScreen.storyboard; sourceTree = "<group>"; };
		0BF9E65C1BF2356A0055C0D8 /* Main.storyboard */ = {isa = PBXFileReference; fileEncoding = 4; lastKnownFileType = file.storyboard; path = Main.storyboard; sourceTree = "<group>"; };
		0BF9E6771BF237300055C0D8 /* Localizations.swift */ = {isa = PBXFileReference; fileEncoding = 4; lastKnownFileType = sourcecode.swift; path = Localizations.swift; sourceTree = "<group>"; };
		65DCC94C976998D3574E1606 /* Pods.release.xcconfig */ = {isa = PBXFileReference; includeInIndex = 1; lastKnownFileType = text.xcconfig; name = Pods.release.xcconfig; path = "Pods/Target Support Files/Pods/Pods.release.xcconfig"; sourceTree = "<group>"; };
/* End PBXFileReference section */

/* Begin PBXFrameworksBuildPhase section */
		0BF9E6251BF2333D0055C0D8 /* Frameworks */ = {
			isa = PBXFrameworksBuildPhase;
			buildActionMask = 2147483647;
			files = (
				CB5391DF151B7C3DA457BF51 /* Pods.framework in Frameworks */,
			);
			runOnlyForDeploymentPostprocessing = 0;
		};
/* End PBXFrameworksBuildPhase section */

/* Begin PBXGroup section */
		0B138E301C1973410079867B /* Views */ = {
			isa = PBXGroup;
			children = (
				0B138E311C1973410079867B /* Cells */,
			);
			path = Views;
			sourceTree = "<group>";
		};
		0B138E311C1973410079867B /* Cells */ = {
			isa = PBXGroup;
			children = (
				0B138E321C1973570079867B /* ContributorCell.swift */,
			);
			path = Cells;
			sourceTree = "<group>";
		};
		0BBA61D71C19B623003D12F6 /* Localizations */ = {
			isa = PBXGroup;
			children = (
				0BBA61D81C19B623003D12F6 /* InfoPlist.strings */,
				0BBA61DA1C19B623003D12F6 /* Localizable.strings */,
			);
			path = Localizations;
			sourceTree = "<group>";
		};
		0BBA61DE1C19C2A1003D12F6 /* Model */ = {
			isa = PBXGroup;
			children = (
				0BBA61DF1C19C2A1003D12F6 /* API */,
				0BBA61E11C19C2A1003D12F6 /* Objects */,
			);
			path = Model;
			sourceTree = "<group>";
		};
		0BBA61DF1C19C2A1003D12F6 /* API */ = {
			isa = PBXGroup;
			children = (
				0BBA61E01C19C2A1003D12F6 /* ContributorAPI.swift */,
			);
			path = API;
			sourceTree = "<group>";
		};
		0BBA61E11C19C2A1003D12F6 /* Objects */ = {
			isa = PBXGroup;
			children = (
				0BBA61E21C19C2A1003D12F6 /* Base */,
				0BBA61E71C19C2A1003D12F6 /* Contributor.swift */,
			);
			path = Objects;
			sourceTree = "<group>";
		};
		0BBA61E21C19C2A1003D12F6 /* Base */ = {
			isa = PBXGroup;
			children = (
				0BBA61E31C19C2A1003D12F6 /* JTDataEnums.swift */,
				0BBA61E41C19C2A1003D12F6 /* JTDataObject.swift */,
				0BBA61E51C19C2A1003D12F6 /* JTDataStructs.swift */,
				0BBA61E61C19C2A1003D12F6 /* JTExtensions.swift */,
			);
			path = Base;
			sourceTree = "<group>";
		};
		0BF9E61F1BF2333D0055C0D8 = {
			isa = PBXGroup;
			children = (
				0BF9E6431BF234F80055C0D8 /* Laurine */,
				0BF9E6291BF2333D0055C0D8 /* Products */,
				AEEF0A8C70853AF4C3E1EF97 /* Pods */,
				368514CBD199FDB3F54AABCD /* Frameworks */,
			);
			sourceTree = "<group>";
		};
		0BF9E6291BF2333D0055C0D8 /* Products */ = {
			isa = PBXGroup;
			children = (
				0BF9E6281BF2333D0055C0D8 /* Laurine.app */,
			);
			name = Products;
			sourceTree = "<group>";
		};
		0BF9E6431BF234F80055C0D8 /* Laurine */ = {
			isa = PBXGroup;
			children = (
				0BF9E6441BF234F80055C0D8 /* Classes */,
				0BF9E64B1BF234F80055C0D8 /* Resources */,
			);
			path = Laurine;
			sourceTree = "<group>";
		};
		0BF9E6441BF234F80055C0D8 /* Classes */ = {
			isa = PBXGroup;
			children = (
				0BBA61DE1C19C2A1003D12F6 /* Model */,
				0BF9E6451BF234F80055C0D8 /* Controllers */,
				0B138E301C1973410079867B /* Views */,
				0BF9E6761BF237300055C0D8 /* Generated */,
				0BF9E6471BF234F80055C0D8 /* Launcher */,
			);
			path = Classes;
			sourceTree = "<group>";
		};
		0BF9E6451BF234F80055C0D8 /* Controllers */ = {
			isa = PBXGroup;
			children = (
				0B138E2E1C1973160079867B /* DetailVC.swift */,
				0BF9E6461BF234F80055C0D8 /* ContributorsVC.swift */,
			);
			path = Controllers;
			sourceTree = "<group>";
		};
		0BF9E6471BF234F80055C0D8 /* Launcher */ = {
			isa = PBXGroup;
			children = (
				0BF9E6481BF234F80055C0D8 /* AppDelegate.swift */,
			);
			path = Launcher;
			sourceTree = "<group>";
		};
		0BF9E64B1BF234F80055C0D8 /* Resources */ = {
			isa = PBXGroup;
			children = (
				0BBA61D71C19B623003D12F6 /* Localizations */,
				0BF9E6531BF234F80055C0D8 /* Storyboards */,
				0BF9E64C1BF234F80055C0D8 /* Assets.xcassets */,
				0BF9E64D1BF234F80055C0D8 /* Info.plist */,
			);
			path = Resources;
			sourceTree = "<group>";
		};
		0BF9E6531BF234F80055C0D8 /* Storyboards */ = {
			isa = PBXGroup;
			children = (
				0BF9E65B1BF2356A0055C0D8 /* LaunchScreen.storyboard */,
				0BF9E65C1BF2356A0055C0D8 /* Main.storyboard */,
			);
			path = Storyboards;
			sourceTree = "<group>";
		};
		0BF9E6761BF237300055C0D8 /* Generated */ = {
			isa = PBXGroup;
			children = (
				0BF9E6771BF237300055C0D8 /* Localizations.swift */,
			);
			path = Generated;
			sourceTree = "<group>";
		};
		368514CBD199FDB3F54AABCD /* Frameworks */ = {
			isa = PBXGroup;
			children = (
				07D399D40D89F38AEDB64A47 /* Pods.framework */,
			);
			name = Frameworks;
			sourceTree = "<group>";
		};
		AEEF0A8C70853AF4C3E1EF97 /* Pods */ = {
			isa = PBXGroup;
			children = (
				0526DD9D1DB46A2BD6F13550 /* Pods.debug.xcconfig */,
				65DCC94C976998D3574E1606 /* Pods.release.xcconfig */,
			);
			name = Pods;
			sourceTree = "<group>";
		};
/* End PBXGroup section */

/* Begin PBXNativeTarget section */
		0BF9E6271BF2333D0055C0D8 /* Laurine */ = {
			isa = PBXNativeTarget;
			buildConfigurationList = 0BF9E63A1BF2333D0055C0D8 /* Build configuration list for PBXNativeTarget "Laurine" */;
			buildPhases = (
				C318A5E090FFCF5DCAFA42B8 /* Check Pods Manifest.lock */,
				0BF9E6241BF2333D0055C0D8 /* Sources */,
				0BF9E6251BF2333D0055C0D8 /* Frameworks */,
				0BF9E6261BF2333D0055C0D8 /* Resources */,
				0BF9E6791BF2375E0055C0D8 /* Laurine Generator */,
				DF0D3C521B7AA24A4651BAC8 /* Embed Pods Frameworks */,
				6F6EA6058ADEA073BE5E46A5 /* Copy Pods Resources */,
			);
			buildRules = (
			);
			dependencies = (
			);
			name = Laurine;
			productName = Laurine;
			productReference = 0BF9E6281BF2333D0055C0D8 /* Laurine.app */;
			productType = "com.apple.product-type.application";
		};
/* End PBXNativeTarget section */

/* Begin PBXProject section */
		0BF9E6201BF2333D0055C0D8 /* Project object */ = {
			isa = PBXProject;
			attributes = {
				LastSwiftUpdateCheck = 0710;
				LastUpgradeCheck = 0720;
				ORGANIZATIONNAME = "Jiri Trecak";
				TargetAttributes = {
					0BF9E6271BF2333D0055C0D8 = {
						CreatedOnToolsVersion = 7.1;
					};
				};
			};
			buildConfigurationList = 0BF9E6231BF2333D0055C0D8 /* Build configuration list for PBXProject "Laurine" */;
			compatibilityVersion = "Xcode 3.2";
			developmentRegion = English;
			hasScannedForEncodings = 0;
			knownRegions = (
				en,
				Base,
				cs,
			);
			mainGroup = 0BF9E61F1BF2333D0055C0D8;
			productRefGroup = 0BF9E6291BF2333D0055C0D8 /* Products */;
			projectDirPath = "";
			projectRoot = "";
			targets = (
				0BF9E6271BF2333D0055C0D8 /* Laurine */,
			);
		};
/* End PBXProject section */

/* Begin PBXResourcesBuildPhase section */
		0BF9E6261BF2333D0055C0D8 /* Resources */ = {
			isa = PBXResourcesBuildPhase;
			buildActionMask = 2147483647;
			files = (
				0BBA61DD1C19B623003D12F6 /* Localizable.strings in Resources */,
				0BF9E65D1BF2356A0055C0D8 /* LaunchScreen.storyboard in Resources */,
				0BBA61DC1C19B623003D12F6 /* InfoPlist.strings in Resources */,
				0BF9E6571BF234F80055C0D8 /* Assets.xcassets in Resources */,
				0BF9E65E1BF2356A0055C0D8 /* Main.storyboard in Resources */,
			);
			runOnlyForDeploymentPostprocessing = 0;
		};
/* End PBXResourcesBuildPhase section */

/* Begin PBXShellScriptBuildPhase section */
		0BF9E6791BF2375E0055C0D8 /* Laurine Generator */ = {
			isa = PBXShellScriptBuildPhase;
			buildActionMask = 2147483647;
			files = (
			);
			inputPaths = (
			);
			name = "Laurine Generator";
			outputPaths = (
			);
			runOnlyForDeploymentPostprocessing = 0;
			shellPath = /bin/sh;
			shellScript = "set -x\necho \"Laurine Generator : Configuration\"\n\n# CONFIGURATION\n# Get base path to project\nBASE_PATH=\"$PROJECT_DIR/$PROJECT_NAME\"\n\n# Get path to Laurine Generator script\nLAURINE_PATH=\"$BASE_PATH/Generators/LaurineGenerator.swift\"\n\n# Get path to main localization file (usually english).\nSOURCE_PATH=\"$BASE_PATH/Resources/Localizations/en.lproj/Localizable.strings\"\n\n# Get path to output. If you use ObjC version of output, set implementation file (.m), as header will be generated automatically\nOUTPUT_PATH=\"$BASE_PATH/Classes/Generated/Localizations.swift\"\n\necho \"Laurine Generator : Write\"\n\n# Unlock output file for write\n/usr/bin/chflags nouchg \"$OUTPUT_PATH\"\n\n# Add permission to generator for script execution\nchmod 777 $LAURINE_PATH\n\n# Actually generate output. Customize parameters to your needs (see documentation)\n$LAURINE_PATH -i $SOURCE_PATH -o $OUTPUT_PATH\n\n# Lock output file for write\n/usr/bin/chflags uchg \"$OUTPUT_PATH\"\n\necho \"Laurine Generator : Finished\"\n";
		};
		6F6EA6058ADEA073BE5E46A5 /* Copy Pods Resources */ = {
			isa = PBXShellScriptBuildPhase;
			buildActionMask = 2147483647;
			files = (
			);
			inputPaths = (
			);
			name = "Copy Pods Resources";
			outputPaths = (
			);
			runOnlyForDeploymentPostprocessing = 0;
			shellPath = /bin/sh;
			shellScript = "\"${SRCROOT}/Pods/Target Support Files/Pods/Pods-resources.sh\"\n";
			showEnvVarsInLog = 0;
		};
		C318A5E090FFCF5DCAFA42B8 /* Check Pods Manifest.lock */ = {
			isa = PBXShellScriptBuildPhase;
			buildActionMask = 2147483647;
			files = (
			);
			inputPaths = (
			);
			name = "Check Pods Manifest.lock";
			outputPaths = (
			);
			runOnlyForDeploymentPostprocessing = 0;
			shellPath = /bin/sh;
			shellScript = "diff \"${PODS_ROOT}/../Podfile.lock\" \"${PODS_ROOT}/Manifest.lock\" > /dev/null\nif [[ $? != 0 ]] ; then\n    cat << EOM\nerror: The sandbox is not in sync with the Podfile.lock. Run 'pod install' or update your CocoaPods installation.\nEOM\n    exit 1\nfi\n";
			showEnvVarsInLog = 0;
		};
		DF0D3C521B7AA24A4651BAC8 /* Embed Pods Frameworks */ = {
			isa = PBXShellScriptBuildPhase;
			buildActionMask = 2147483647;
			files = (
			);
			inputPaths = (
			);
			name = "Embed Pods Frameworks";
			outputPaths = (
			);
			runOnlyForDeploymentPostprocessing = 0;
			shellPath = /bin/sh;
			shellScript = "\"${SRCROOT}/Pods/Target Support Files/Pods/Pods-frameworks.sh\"\n";
			showEnvVarsInLog = 0;
		};
/* End PBXShellScriptBuildPhase section */

/* Begin PBXSourcesBuildPhase section */
		0BF9E6241BF2333D0055C0D8 /* Sources */ = {
			isa = PBXSourcesBuildPhase;
			buildActionMask = 2147483647;
			files = (
				0BF9E6551BF234F80055C0D8 /* AppDelegate.swift in Sources */,
				0B138E331C1973570079867B /* ContributorCell.swift in Sources */,
				0BBA61E91C19C2A1003D12F6 /* JTDataEnums.swift in Sources */,
				0BBA61EB1C19C2A1003D12F6 /* JTDataStructs.swift in Sources */,
				0BBA61E81C19C2A1003D12F6 /* ContributorAPI.swift in Sources */,
				0BBA61EC1C19C2A1003D12F6 /* JTExtensions.swift in Sources */,
				0BBA61EA1C19C2A1003D12F6 /* JTDataObject.swift in Sources */,
				0B138E2F1C1973160079867B /* DetailVC.swift in Sources */,
				0BF9E6541BF234F80055C0D8 /* ContributorsVC.swift in Sources */,
				0BF9E6781BF237300055C0D8 /* Localizations.swift in Sources */,
				0BBA61ED1C19C2A1003D12F6 /* Contributor.swift in Sources */,
			);
			runOnlyForDeploymentPostprocessing = 0;
		};
/* End PBXSourcesBuildPhase section */

/* Begin PBXVariantGroup section */
		0BBA61D81C19B623003D12F6 /* InfoPlist.strings */ = {
			isa = PBXVariantGroup;
			children = (
				0BBA61D91C19B623003D12F6 /* en */,
			);
			name = InfoPlist.strings;
			sourceTree = "<group>";
		};
		0BBA61DA1C19B623003D12F6 /* Localizable.strings */ = {
			isa = PBXVariantGroup;
			children = (
				0BBA61DB1C19B623003D12F6 /* en */,
			);
			name = Localizable.strings;
			sourceTree = "<group>";
		};
/* End PBXVariantGroup section */

/* Begin XCBuildConfiguration section */
		0BF9E6381BF2333D0055C0D8 /* Debug */ = {
			isa = XCBuildConfiguration;
			buildSettings = {
				ALWAYS_SEARCH_USER_PATHS = NO;
				CLANG_CXX_LANGUAGE_STANDARD = "gnu++0x";
				CLANG_CXX_LIBRARY = "libc++";
				CLANG_ENABLE_MODULES = YES;
				CLANG_ENABLE_OBJC_ARC = YES;
				CLANG_WARN_BOOL_CONVERSION = YES;
				CLANG_WARN_CONSTANT_CONVERSION = YES;
				CLANG_WARN_DIRECT_OBJC_ISA_USAGE = YES_ERROR;
				CLANG_WARN_EMPTY_BODY = YES;
				CLANG_WARN_ENUM_CONVERSION = YES;
				CLANG_WARN_INT_CONVERSION = YES;
				CLANG_WARN_OBJC_ROOT_CLASS = YES_ERROR;
				CLANG_WARN_UNREACHABLE_CODE = YES;
				CLANG_WARN__DUPLICATE_METHOD_MATCH = YES;
				"CODE_SIGN_IDENTITY[sdk=iphoneos*]" = "iPhone Developer";
				COPY_PHASE_STRIP = NO;
				DEBUG_INFORMATION_FORMAT = dwarf;
				ENABLE_STRICT_OBJC_MSGSEND = YES;
				ENABLE_TESTABILITY = YES;
				GCC_C_LANGUAGE_STANDARD = gnu99;
				GCC_DYNAMIC_NO_PIC = NO;
				GCC_NO_COMMON_BLOCKS = YES;
				GCC_OPTIMIZATION_LEVEL = 0;
				GCC_PREPROCESSOR_DEFINITIONS = (
					"DEBUG=1",
					"$(inherited)",
				);
				GCC_WARN_64_TO_32_BIT_CONVERSION = YES;
				GCC_WARN_ABOUT_RETURN_TYPE = YES_ERROR;
				GCC_WARN_UNDECLARED_SELECTOR = YES;
				GCC_WARN_UNINITIALIZED_AUTOS = YES_AGGRESSIVE;
				GCC_WARN_UNUSED_FUNCTION = YES;
				GCC_WARN_UNUSED_VARIABLE = YES;
				IPHONEOS_DEPLOYMENT_TARGET = 9.1;
				MTL_ENABLE_DEBUG_INFO = YES;
				ONLY_ACTIVE_ARCH = YES;
				SDKROOT = iphoneos;
				SWIFT_OPTIMIZATION_LEVEL = "-Onone";
			};
			name = Debug;
		};
		0BF9E6391BF2333D0055C0D8 /* Release */ = {
			isa = XCBuildConfiguration;
			buildSettings = {
				ALWAYS_SEARCH_USER_PATHS = NO;
				CLANG_CXX_LANGUAGE_STANDARD = "gnu++0x";
				CLANG_CXX_LIBRARY = "libc++";
				CLANG_ENABLE_MODULES = YES;
				CLANG_ENABLE_OBJC_ARC = YES;
				CLANG_WARN_BOOL_CONVERSION = YES;
				CLANG_WARN_CONSTANT_CONVERSION = YES;
				CLANG_WARN_DIRECT_OBJC_ISA_USAGE = YES_ERROR;
				CLANG_WARN_EMPTY_BODY = YES;
				CLANG_WARN_ENUM_CONVERSION = YES;
				CLANG_WARN_INT_CONVERSION = YES;
				CLANG_WARN_OBJC_ROOT_CLASS = YES_ERROR;
				CLANG_WARN_UNREACHABLE_CODE = YES;
				CLANG_WARN__DUPLICATE_METHOD_MATCH = YES;
				"CODE_SIGN_IDENTITY[sdk=iphoneos*]" = "iPhone Developer";
				COPY_PHASE_STRIP = NO;
				DEBUG_INFORMATION_FORMAT = "dwarf-with-dsym";
				ENABLE_NS_ASSERTIONS = NO;
				ENABLE_STRICT_OBJC_MSGSEND = YES;
				GCC_C_LANGUAGE_STANDARD = gnu99;
				GCC_NO_COMMON_BLOCKS = YES;
				GCC_WARN_64_TO_32_BIT_CONVERSION = YES;
				GCC_WARN_ABOUT_RETURN_TYPE = YES_ERROR;
				GCC_WARN_UNDECLARED_SELECTOR = YES;
				GCC_WARN_UNINITIALIZED_AUTOS = YES_AGGRESSIVE;
				GCC_WARN_UNUSED_FUNCTION = YES;
				GCC_WARN_UNUSED_VARIABLE = YES;
				IPHONEOS_DEPLOYMENT_TARGET = 9.1;
				MTL_ENABLE_DEBUG_INFO = NO;
				SDKROOT = iphoneos;
				VALIDATE_PRODUCT = YES;
			};
			name = Release;
		};
		0BF9E63B1BF2333D0055C0D8 /* Debug */ = {
			isa = XCBuildConfiguration;
			baseConfigurationReference = 0526DD9D1DB46A2BD6F13550 /* Pods.debug.xcconfig */;
			buildSettings = {
				ASSETCATALOG_COMPILER_APPICON_NAME = AppIcon;
				INFOPLIST_FILE = "$(SRCROOT)/Laurine/Resources/Info.plist";
				IPHONEOS_DEPLOYMENT_TARGET = 9.0;
				LD_RUNPATH_SEARCH_PATHS = "$(inherited) @executable_path/Frameworks";
				PRODUCT_BUNDLE_IDENTIFIER = com.example.Laurine;
				PRODUCT_NAME = "$(TARGET_NAME)";
				TARGETED_DEVICE_FAMILY = "1,2";
			};
			name = Debug;
		};
		0BF9E63C1BF2333D0055C0D8 /* Release */ = {
			isa = XCBuildConfiguration;
			baseConfigurationReference = 65DCC94C976998D3574E1606 /* Pods.release.xcconfig */;
			buildSettings = {
				ASSETCATALOG_COMPILER_APPICON_NAME = AppIcon;
				INFOPLIST_FILE = "$(SRCROOT)/Laurine/Resources/Info.plist";
				IPHONEOS_DEPLOYMENT_TARGET = 9.0;
				LD_RUNPATH_SEARCH_PATHS = "$(inherited) @executable_path/Frameworks";
				PRODUCT_BUNDLE_IDENTIFIER = com.example.Laurine;
				PRODUCT_NAME = "$(TARGET_NAME)";
				TARGETED_DEVICE_FAMILY = "1,2";
			};
			name = Release;
		};
/* End XCBuildConfiguration section */

/* Begin XCConfigurationList section */
		0BF9E6231BF2333D0055C0D8 /* Build configuration list for PBXProject "Laurine" */ = {
			isa = XCConfigurationList;
			buildConfigurations = (
				0BF9E6381BF2333D0055C0D8 /* Debug */,
				0BF9E6391BF2333D0055C0D8 /* Release */,
			);
			defaultConfigurationIsVisible = 0;
			defaultConfigurationName = Release;
		};
		0BF9E63A1BF2333D0055C0D8 /* Build configuration list for PBXNativeTarget "Laurine" */ = {
			isa = XCConfigurationList;
			buildConfigurations = (
				0BF9E63B1BF2333D0055C0D8 /* Debug */,
				0BF9E63C1BF2333D0055C0D8 /* Release */,
			);
			defaultConfigurationIsVisible = 0;
			defaultConfigurationName = Release;
		};
/* End XCConfigurationList section */
	};
	rootObject = 0BF9E6201BF2333D0055C0D8 /* Project object */;
}
